// !$*UTF8*$!
{
	archiveVersion = 1;
	classes = {
	};
	objectVersion = 46;
	objects = {

/* Begin PBXBuildFile section */
		D0F839181B0412B2003BEB56 /* main.m in Sources */ = {isa = PBXBuildFile; fileRef = D0F839171B0412B2003BEB56 /* main.m */; };
		D0F8391B1B0412B2003BEB56 /* AppDelegate.m in Sources */ = {isa = PBXBuildFile; fileRef = D0F8391A1B0412B2003BEB56 /* AppDelegate.m */; };
		D0F8391E1B0412B2003BEB56 /* ViewController.m in Sources */ = {isa = PBXBuildFile; fileRef = D0F8391D1B0412B2003BEB56 /* ViewController.m */; };
		D0F839211B0412B2003BEB56 /* Main.storyboard in Resources */ = {isa = PBXBuildFile; fileRef = D0F8391F1B0412B2003BEB56 /* Main.storyboard */; };
		D0F839231B0412B2003BEB56 /* Images.xcassets in Resources */ = {isa = PBXBuildFile; fileRef = D0F839221B0412B2003BEB56 /* Images.xcassets */; };
		D0F839261B0412B2003BEB56 /* LaunchScreen.xib in Resources */ = {isa = PBXBuildFile; fileRef = D0F839241B0412B2003BEB56 /* LaunchScreen.xib */; };
		D0F839321B0412B2003BEB56 /* mySafariTests.m in Sources */ = {isa = PBXBuildFile; fileRef = D0F839311B0412B2003BEB56 /* mySafariTests.m */; };
/* End PBXBuildFile section */

/* Begin PBXContainerItemProxy section */
		D0F8392C1B0412B2003BEB56 /* PBXContainerItemProxy */ = {
			isa = PBXContainerItemProxy;
			containerPortal = D0F8390A1B0412B2003BEB56 /* Project object */;
			proxyType = 1;
			remoteGlobalIDString = D0F839111B0412B2003BEB56;
			remoteInfo = mySafari;
		};
/* End PBXContainerItemProxy section */

/* Begin PBXFileReference section */
		D0F839121B0412B2003BEB56 /* mySafari.app */ = {isa = PBXFileReference; explicitFileType = wrapper.application; includeInIndex = 0; path = mySafari.app; sourceTree = BUILT_PRODUCTS_DIR; };
		D0F839161B0412B2003BEB56 /* Info.plist */ = {isa = PBXFileReference; lastKnownFileType = text.plist.xml; path = Info.plist; sourceTree = "<group>"; };
		D0F839171B0412B2003BEB56 /* main.m */ = {isa = PBXFileReference; lastKnownFileType = sourcecode.c.objc; path = main.m; sourceTree = "<group>"; };
		D0F839191B0412B2003BEB56 /* AppDelegate.h */ = {isa = PBXFileReference; lastKnownFileType = sourcecode.c.h; path = AppDelegate.h; sourceTree = "<group>"; };
		D0F8391A1B0412B2003BEB56 /* AppDelegate.m */ = {isa = PBXFileReference; lastKnownFileType = sourcecode.c.objc; path = AppDelegate.m; sourceTree = "<group>"; };
		D0F8391C1B0412B2003BEB56 /* ViewController.h */ = {isa = PBXFileReference; lastKnownFileType = sourcecode.c.h; path = ViewController.h; sourceTree = "<group>"; };
		D0F8391D1B0412B2003BEB56 /* ViewController.m */ = {isa = PBXFileReference; lastKnownFileType = sourcecode.c.objc; path = ViewController.m; sourceTree = "<group>"; };
		D0F839201B0412B2003BEB56 /* Base */ = {isa = PBXFileReference; lastKnownFileType = file.storyboard; name = Base; path = Base.lproj/Main.storyboard; sourceTree = "<group>"; };
		D0F839221B0412B2003BEB56 /* Images.xcassets */ = {isa = PBXFileReference; lastKnownFileType = folder.assetcatalog; path = Images.xcassets; sourceTree = "<group>"; };
		D0F839251B0412B2003BEB56 /* Base */ = {isa = PBXFileReference; lastKnownFileType = file.xib; name = Base; path = Base.lproj/LaunchScreen.xib; sourceTree = "<group>"; };
		D0F8392B1B0412B2003BEB56 /* mySafariTests.xctest */ = {isa = PBXFileReference; explicitFileType = wrapper.cfbundle; includeInIndex = 0; path = mySafariTests.xctest; sourceTree = BUILT_PRODUCTS_DIR; };
		D0F839301B0412B2003BEB56 /* Info.plist */ = {isa = PBXFileReference; lastKnownFileType = text.plist.xml; path = Info.plist; sourceTree = "<group>"; };
		D0F839311B0412B2003BEB56 /* mySafariTests.m */ = {isa = PBXFileReference; lastKnownFileType = sourcecode.c.objc; path = mySafariTests.m; sourceTree = "<group>"; };
/* End PBXFileReference section */

/* Begin PBXFrameworksBuildPhase section */
		D0F8390F1B0412B2003BEB56 /* Frameworks */ = {
			isa = PBXFrameworksBuildPhase;
			buildActionMask = 2147483647;
			files = (
			);
			runOnlyForDeploymentPostprocessing = 0;
		};
		D0F839281B0412B2003BEB56 /* Frameworks */ = {
			isa = PBXFrameworksBuildPhase;
			buildActionMask = 2147483647;
			files = (
			);
			runOnlyForDeploymentPostprocessing = 0;
		};
/* End PBXFrameworksBuildPhase section */

/* Begin PBXGroup section */
		D0F839091B0412B2003BEB56 = {
			isa = PBXGroup;
			children = (
				D0F839141B0412B2003BEB56 /* mySafari */,
				D0F8392E1B0412B2003BEB56 /* mySafariTests */,
				D0F839131B0412B2003BEB56 /* Products */,
			);
			sourceTree = "<group>";
		};
		D0F839131B0412B2003BEB56 /* Products */ = {
			isa = PBXGroup;
			children = (
				D0F839121B0412B2003BEB56 /* mySafari.app */,
				D0F8392B1B0412B2003BEB56 /* mySafariTests.xctest */,
			);
			name = Products;
			sourceTree = "<group>";
		};
		D0F839141B0412B2003BEB56 /* mySafari */ = {
			isa = PBXGroup;
			children = (
				D0F839191B0412B2003BEB56 /* AppDelegate.h */,
				D0F8391A1B0412B2003BEB56 /* AppDelegate.m */,
				D0F8391C1B0412B2003BEB56 /* ViewController.h */,
				D0F8391D1B0412B2003BEB56 /* ViewController.m */,
				D0F8391F1B0412B2003BEB56 /* Main.storyboard */,
				D0F839221B0412B2003BEB56 /* Images.xcassets */,
				D0F839241B0412B2003BEB56 /* LaunchScreen.xib */,
				D0F839151B0412B2003BEB56 /* Supporting Files */,
			);
			path = mySafari;
			sourceTree = "<group>";
		};
		D0F839151B0412B2003BEB56 /* Supporting Files */ = {
			isa = PBXGroup;
			children = (
				D0F839161B0412B2003BEB56 /* Info.plist */,
				D0F839171B0412B2003BEB56 /* main.m */,
			);
			name = "Supporting Files";
			sourceTree = "<group>";
		};
		D0F8392E1B0412B2003BEB56 /* mySafariTests */ = {
			isa = PBXGroup;
			children = (
				D0F839311B0412B2003BEB56 /* mySafariTests.m */,
				D0F8392F1B0412B2003BEB56 /* Supporting Files */,
			);
			path = mySafariTests;
			sourceTree = "<group>";
		};
		D0F8392F1B0412B2003BEB56 /* Supporting Files */ = {
			isa = PBXGroup;
			children = (
				D0F839301B0412B2003BEB56 /* Info.plist */,
			);
			name = "Supporting Files";
			sourceTree = "<group>";
		};
/* End PBXGroup section */

/* Begin PBXNativeTarget section */
		D0F839111B0412B2003BEB56 /* mySafari */ = {
			isa = PBXNativeTarget;
			buildConfigurationList = D0F839351B0412B2003BEB56 /* Build configuration list for PBXNativeTarget "mySafari" */;
			buildPhases = (
				D0F8390E1B0412B2003BEB56 /* Sources */,
				D0F8390F1B0412B2003BEB56 /* Frameworks */,
				D0F839101B0412B2003BEB56 /* Resources */,
			);
			buildRules = (
			);
			dependencies = (
			);
			name = mySafari;
			productName = mySafari;
			productReference = D0F839121B0412B2003BEB56 /* mySafari.app */;
			productType = "com.apple.product-type.application";
		};
		D0F8392A1B0412B2003BEB56 /* mySafariTests */ = {
			isa = PBXNativeTarget;
			buildConfigurationList = D0F839381B0412B2003BEB56 /* Build configuration list for PBXNativeTarget "mySafariTests" */;
			buildPhases = (
				D0F839271B0412B2003BEB56 /* Sources */,
				D0F839281B0412B2003BEB56 /* Frameworks */,
				D0F839291B0412B2003BEB56 /* Resources */,
			);
			buildRules = (
			);
			dependencies = (
				D0F8392D1B0412B2003BEB56 /* PBXTargetDependency */,
			);
			name = mySafariTests;
			productName = mySafariTests;
			productReference = D0F8392B1B0412B2003BEB56 /* mySafariTests.xctest */;
			productType = "com.apple.product-type.bundle.unit-test";
		};
/* End PBXNativeTarget section */

/* Begin PBXProject section */
		D0F8390A1B0412B2003BEB56 /* Project object */ = {
			isa = PBXProject;
			attributes = {
				LastUpgradeCheck = 0630;
				ORGANIZATIONNAME = "alex fallah";
				TargetAttributes = {
					D0F839111B0412B2003BEB56 = {
						CreatedOnToolsVersion = 6.3;
					};
					D0F8392A1B0412B2003BEB56 = {
						CreatedOnToolsVersion = 6.3;
						TestTargetID = D0F839111B0412B2003BEB56;
					};
				};
			};
			buildConfigurationList = D0F8390D1B0412B2003BEB56 /* Build configuration list for PBXProject "mySafari" */;
			compatibilityVersion = "Xcode 3.2";
			developmentRegion = English;
			hasScannedForEncodings = 0;
			knownRegions = (
				en,
				Base,
			);
			mainGroup = D0F839091B0412B2003BEB56;
			productRefGroup = D0F839131B0412B2003BEB56 /* Products */;
			projectDirPath = "";
			projectRoot = "";
			targets = (
				D0F839111B0412B2003BEB56 /* mySafari */,
				D0F8392A1B0412B2003BEB56 /* mySafariTests */,
			);
		};
/* End PBXProject section */

/* Begin PBXResourcesBuildPhase section */
		D0F839101B0412B2003BEB56 /* Resources */ = {
			isa = PBXResourcesBuildPhase;
			buildActionMask = 2147483647;
			files = (
				D0F839211B0412B2003BEB56 /* Main.storyboard in Resources */,
				D0F839261B0412B2003BEB56 /* LaunchScreen.xib in Resources */,
				D0F839231B0412B2003BEB56 /* Images.xcassets in Resources */,
			);
			runOnlyForDeploymentPostprocessing = 0;
		};
		D0F839291B0412B2003BEB56 /* Resources */ = {
			isa = PBXResourcesBuildPhase;
			buildActionMask = 2147483647;
			files = (
			);
			runOnlyForDeploymentPostprocessing = 0;
		};
/* End PBXResourcesBuildPhase section */

/* Begin PBXSourcesBuildPhase section */
		D0F8390E1B0412B2003BEB56 /* Sources */ = {
			isa = PBXSourcesBuildPhase;
			buildActionMask = 2147483647;
			files = (
				D0F8391E1B0412B2003BEB56 /* ViewController.m in Sources */,
				D0F8391B1B0412B2003BEB56 /* AppDelegate.m in Sources */,
				D0F839181B0412B2003BEB56 /* main.m in Sources */,
			);
			runOnlyForDeploymentPostprocessing = 0;
		};
		D0F839271B0412B2003BEB56 /* Sources */ = {
			isa = PBXSourcesBuildPhase;
			buildActionMask = 2147483647;
			files = (
				D0F839321B0412B2003BEB56 /* mySafariTests.m in Sources */,
			);
			runOnlyForDeploymentPostprocessing = 0;
		};
/* End PBXSourcesBuildPhase section */

/* Begin PBXTargetDependency section */
		D0F8392D1B0412B2003BEB56 /* PBXTargetDependency */ = {
			isa = PBXTargetDependency;
			target = D0F839111B0412B2003BEB56 /* mySafari */;
			targetProxy = D0F8392C1B0412B2003BEB56 /* PBXContainerItemProxy */;
		};
/* End PBXTargetDependency section */

/* Begin PBXVariantGroup section */
		D0F8391F1B0412B2003BEB56 /* Main.storyboard */ = {
			isa = PBXVariantGroup;
			children = (
				D0F839201B0412B2003BEB56 /* Base */,
			);
			name = Main.storyboard;
			sourceTree = "<group>";
		};
		D0F839241B0412B2003BEB56 /* LaunchScreen.xib */ = {
			isa = PBXVariantGroup;
			children = (
				D0F839251B0412B2003BEB56 /* Base */,
			);
			name = LaunchScreen.xib;
			sourceTree = "<group>";
		};
/* End PBXVariantGroup section */

/* Begin XCBuildConfiguration section */
		D0F839331B0412B2003BEB56 /* Debug */ = {
			isa = XCBuildConfiguration;
			buildSettings = {
				ALWAYS_SEARCH_USER_PATHS = NO;
				CLANG_CXX_LANGUAGE_STANDARD = "gnu++0x";
				CLANG_CXX_LIBRARY = "libc++";
				CLANG_ENABLE_MODULES = YES;
				CLANG_ENABLE_OBJC_ARC = YES;
				CLANG_WARN_BOOL_CONVERSION = YES;
				CLANG_WARN_CONSTANT_CONVERSION = YES;
				CLANG_WARN_DIRECT_OBJC_ISA_USAGE = YES_ERROR;
				CLANG_WARN_EMPTY_BODY = YES;
				CLANG_WARN_ENUM_CONVERSION = YES;
				CLANG_WARN_INT_CONVERSION = YES;
				CLANG_WARN_OBJC_ROOT_CLASS = YES_ERROR;
				CLANG_WARN_UNREACHABLE_CODE = YES;
				CLANG_WARN__DUPLICATE_METHOD_MATCH = YES;
				"CODE_SIGN_IDENTITY[sdk=iphoneos*]" = "iPhone Developer";
				COPY_PHASE_STRIP = NO;
				DEBUG_INFORMATION_FORMAT = "dwarf-with-dsym";
				ENABLE_STRICT_OBJC_MSGSEND = YES;
				GCC_C_LANGUAGE_STANDARD = gnu99;
				GCC_DYNAMIC_NO_PIC = NO;
				GCC_NO_COMMON_BLOCKS = YES;
				GCC_OPTIMIZATION_LEVEL = 0;
				GCC_PREPROCESSOR_DEFINITIONS = (
					"DEBUG=1",
					"$(inherited)",
				);
				GCC_SYMBOLS_PRIVATE_EXTERN = NO;
				GCC_WARN_64_TO_32_BIT_CONVERSION = YES;
				GCC_WARN_ABOUT_RETURN_TYPE = YES_ERROR;
				GCC_WARN_UNDECLARED_SELECTOR = YES;
				GCC_WARN_UNINITIALIZED_AUTOS = YES_AGGRESSIVE;
				GCC_WARN_UNUSED_FUNCTION = YES;
				GCC_WARN_UNUSED_VARIABLE = YES;
				IPHONEOS_DEPLOYMENT_TARGET = 8.3;
				MTL_ENABLE_DEBUG_INFO = YES;
				ONLY_ACTIVE_ARCH = YES;
				SDKROOT = iphoneos;
				TARGETED_DEVICE_FAMILY = "1,2";
			};
			name = Debug;
		};
		D0F839341B0412B2003BEB56 /* Release */ = {
			isa = XCBuildConfiguration;
			buildSettings = {
				ALWAYS_SEARCH_USER_PATHS = NO;
				CLANG_CXX_LANGUAGE_STANDARD = "gnu++0x";
				CLANG_CXX_LIBRARY = "libc++";
				CLANG_ENABLE_MODULES = YES;
				CLANG_ENABLE_OBJC_ARC = YES;
				CLANG_WARN_BOOL_CONVERSION = YES;
				CLANG_WARN_CONSTANT_CONVERSION = YES;
				CLANG_WARN_DIRECT_OBJC_ISA_USAGE = YES_ERROR;
				CLANG_WARN_EMPTY_BODY = YES;
				CLANG_WARN_ENUM_CONVERSION = YES;
				CLANG_WARN_INT_CONVERSION = YES;
				CLANG_WARN_OBJC_ROOT_CLASS = YES_ERROR;
				CLANG_WARN_UNREACHABLE_CODE = YES;
				CLANG_WARN__DUPLICATE_METHOD_MATCH = YES;
				"CODE_SIGN_IDENTITY[sdk=iphoneos*]" = "iPhone Developer";
				COPY_PHASE_STRIP = NO;
				DEBUG_INFORMATION_FORMAT = "dwarf-with-dsym";
				ENABLE_NS_ASSERTIONS = NO;
				ENABLE_STRICT_OBJC_MSGSEND = YES;
				GCC_C_LANGUAGE_STANDARD = gnu99;
				GCC_NO_COMMON_BLOCKS = YES;
				GCC_WARN_64_TO_32_BIT_CONVERSION = YES;
				GCC_WARN_ABOUT_RETURN_TYPE = YES_ERROR;
				GCC_WARN_UNDECLARED_SELECTOR = YES;
				GCC_WARN_UNINITIALIZED_AUTOS = YES_AGGRESSIVE;
				GCC_WARN_UNUSED_FUNCTION = YES;
				GCC_WARN_UNUSED_VARIABLE = YES;
				IPHONEOS_DEPLOYMENT_TARGET = 8.3;
				MTL_ENABLE_DEBUG_INFO = NO;
				SDKROOT = iphoneos;
				TARGETED_DEVICE_FAMILY = "1,2";
				VALIDATE_PRODUCT = YES;
			};
			name = Release;
		};
		D0F839361B0412B2003BEB56 /* Debug */ = {
			isa = XCBuildConfiguration;
			buildSettings = {
				ASSETCATALOG_COMPILER_APPICON_NAME = AppIcon;
				INFOPLIST_FILE = mySafari/Info.plist;
				LD_RUNPATH_SEARCH_PATHS = "$(inherited) @executable_path/Frameworks";
				PRODUCT_NAME = "$(TARGET_NAME)";
			};
			name = Debug;
		};
		D0F839371B0412B2003BEB56 /* Release */ = {
			isa = XCBuildConfiguration;
			buildSettings = {
				ASSETCATALOG_COMPILER_APPICON_NAME = AppIcon;
				INFOPLIST_FILE = mySafari/Info.plist;
				LD_RUNPATH_SEARCH_PATHS = "$(inherited) @executable_path/Frameworks";
				PRODUCT_NAME = "$(TARGET_NAME)";
			};
			name = Release;
		};
		D0F839391B0412B2003BEB56 /* Debug */ = {
			isa = XCBuildConfiguration;
			buildSettings = {
				BUNDLE_LOADER = "$(TEST_HOST)";
				FRAMEWORK_SEARCH_PATHS = (
					"$(SDKROOT)/Developer/Library/Frameworks",
					"$(inherited)",
				);
				GCC_PREPROCESSOR_DEFINITIONS = (
					"DEBUG=1",
					"$(inherited)",
				);
				INFOPLIST_FILE = mySafariTests/Info.plist;
				LD_RUNPATH_SEARCH_PATHS = "$(inherited) @executable_path/Frameworks @loader_path/Frameworks";
				PRODUCT_NAME = "$(TARGET_NAME)";
				TEST_HOST = "$(BUILT_PRODUCTS_DIR)/mySafari.app/mySafari";
			};
			name = Debug;
		};
		D0F8393A1B0412B2003BEB56 /* Release */ = {
			isa = XCBuildConfiguration;
			buildSettings = {
				BUNDLE_LOADER = "$(TEST_HOST)";
				FRAMEWORK_SEARCH_PATHS = (
					"$(SDKROOT)/Developer/Library/Frameworks",
					"$(inherited)",
				);
				INFOPLIST_FILE = mySafariTests/Info.plist;
				LD_RUNPATH_SEARCH_PATHS = "$(inherited) @executable_path/Frameworks @loader_path/Frameworks";
				PRODUCT_NAME = "$(TARGET_NAME)";
				TEST_HOST = "$(BUILT_PRODUCTS_DIR)/mySafari.app/mySafari";
			};
			name = Release;
		};
/* End XCBuildConfiguration section */

/* Begin XCConfigurationList section */
		D0F8390D1B0412B2003BEB56 /* Build configuration list for PBXProject "mySafari" */ = {
			isa = XCConfigurationList;
			buildConfigurations = (
				D0F839331B0412B2003BEB56 /* Debug */,
				D0F839341B0412B2003BEB56 /* Release */,
			);
			defaultConfigurationIsVisible = 0;
			defaultConfigurationName = Release;
		};
		D0F839351B0412B2003BEB56 /* Build configuration list for PBXNativeTarget "mySafari" */ = {
			isa = XCConfigurationList;
			buildConfigurations = (
				D0F839361B0412B2003BEB56 /* Debug */,
				D0F839371B0412B2003BEB56 /* Release */,
			);
			defaultConfigurationIsVisible = 0;
		};
		D0F839381B0412B2003BEB56 /* Build configuration list for PBXNativeTarget "mySafariTests" */ = {
			isa = XCConfigurationList;
			buildConfigurations = (
				D0F839391B0412B2003BEB56 /* Debug */,
				D0F8393A1B0412B2003BEB56 /* Release */,
			);
			defaultConfigurationIsVisible = 0;
		};
/* End XCConfigurationList section */
	};
	rootObject = D0F8390A1B0412B2003BEB56 /* Project object */;
}
